// !$*UTF8*$!
{
	archiveVersion = 1;
	classes = {
	};
	objectVersion = 56;
	objects = {

/* Begin PBXBuildFile section */
		8D074AEB2BC4BC84000E6D9A /* FlashcardsVC.swift in Sources */ = {isa = PBXBuildFile; fileRef = 8D074AEA2BC4BC84000E6D9A /* FlashcardsVC.swift */; };
		8D11FE6B2BC4CF6100143444 /* LaunchScreen.storyboard in Resources */ = {isa = PBXBuildFile; fileRef = 8D11FE6A2BC4CF6100143444 /* LaunchScreen.storyboard */; };
		8D4CDF7D2BB1DCD300474FCC /* AppDelegate.swift in Sources */ = {isa = PBXBuildFile; fileRef = 8D4CDF7C2BB1DCD300474FCC /* AppDelegate.swift */; };
		8D4CDF7F2BB1DCD300474FCC /* SceneDelegate.swift in Sources */ = {isa = PBXBuildFile; fileRef = 8D4CDF7E2BB1DCD300474FCC /* SceneDelegate.swift */; };
		8D4CDF812BB1DCD300474FCC /* ViewController.swift in Sources */ = {isa = PBXBuildFile; fileRef = 8D4CDF802BB1DCD300474FCC /* ViewController.swift */; };
		8D4CDF842BB1DCD300474FCC /* Main.storyboard in Resources */ = {isa = PBXBuildFile; fileRef = 8D4CDF822BB1DCD300474FCC /* Main.storyboard */; };
		8D4CDF862BB1DCD800474FCC /* Assets.xcassets in Resources */ = {isa = PBXBuildFile; fileRef = 8D4CDF852BB1DCD800474FCC /* Assets.xcassets */; };
		8D4CDF892BB1DCD800474FCC /* LaunchScreen.storyboard in Resources */ = {isa = PBXBuildFile; fileRef = 8D4CDF872BB1DCD800474FCC /* LaunchScreen.storyboard */; };
		8D4CDF912BB26EEF00474FCC /* SetsVC.swift in Sources */ = {isa = PBXBuildFile; fileRef = 8D4CDF902BB26EEF00474FCC /* SetsVC.swift */; };
/* End PBXBuildFile section */

/* Begin PBXFileReference section */
		8D074AEA2BC4BC84000E6D9A /* FlashcardsVC.swift */ = {isa = PBXFileReference; lastKnownFileType = sourcecode.swift; path = FlashcardsVC.swift; sourceTree = "<group>"; };
		8D11FE6A2BC4CF6100143444 /* LaunchScreen.storyboard */ = {isa = PBXFileReference; lastKnownFileType = file.storyboard; path = LaunchScreen.storyboard; sourceTree = "<group>"; };
		8D4CDF792BB1DCD300474FCC /* StudyApp.app */ = {isa = PBXFileReference; explicitFileType = wrapper.application; includeInIndex = 0; path = StudyApp.app; sourceTree = BUILT_PRODUCTS_DIR; };
		8D4CDF7C2BB1DCD300474FCC /* AppDelegate.swift */ = {isa = PBXFileReference; lastKnownFileType = sourcecode.swift; path = AppDelegate.swift; sourceTree = "<group>"; };
		8D4CDF7E2BB1DCD300474FCC /* SceneDelegate.swift */ = {isa = PBXFileReference; lastKnownFileType = sourcecode.swift; path = SceneDelegate.swift; sourceTree = "<group>"; };
		8D4CDF802BB1DCD300474FCC /* ViewController.swift */ = {isa = PBXFileReference; lastKnownFileType = sourcecode.swift; path = ViewController.swift; sourceTree = "<group>"; };
		8D4CDF832BB1DCD300474FCC /* Base */ = {isa = PBXFileReference; lastKnownFileType = file.storyboard; name = Base; path = Base.lproj/Main.storyboard; sourceTree = "<group>"; };
		8D4CDF852BB1DCD800474FCC /* Assets.xcassets */ = {isa = PBXFileReference; lastKnownFileType = folder.assetcatalog; path = Assets.xcassets; sourceTree = "<group>"; };
		8D4CDF882BB1DCD800474FCC /* Base */ = {isa = PBXFileReference; lastKnownFileType = file.storyboard; name = Base; path = Base.lproj/LaunchScreen.storyboard; sourceTree = "<group>"; };
		8D4CDF8A2BB1DCD800474FCC /* Info.plist */ = {isa = PBXFileReference; lastKnownFileType = text.plist.xml; path = Info.plist; sourceTree = "<group>"; };
		8D4CDF902BB26EEF00474FCC /* SetsVC.swift */ = {isa = PBXFileReference; lastKnownFileType = sourcecode.swift; path = SetsVC.swift; sourceTree = "<group>"; };
/* End PBXFileReference section */

/* Begin PBXFrameworksBuildPhase section */
		8D4CDF762BB1DCD300474FCC /* Frameworks */ = {
			isa = PBXFrameworksBuildPhase;
			buildActionMask = 2147483647;
			files = (
			);
			runOnlyForDeploymentPostprocessing = 0;
		};
/* End PBXFrameworksBuildPhase section */

/* Begin PBXGroup section */
		8D4CDF702BB1DCD300474FCC = {
			isa = PBXGroup;
			children = (
				8D4CDF7B2BB1DCD300474FCC /* StudyApp */,
				8D4CDF7A2BB1DCD300474FCC /* Products */,
			);
			sourceTree = "<group>";
		};
		8D4CDF7A2BB1DCD300474FCC /* Products */ = {
			isa = PBXGroup;
			children = (
				8D4CDF792BB1DCD300474FCC /* StudyApp.app */,
			);
			name = Products;
			sourceTree = "<group>";
		};
		8D4CDF7B2BB1DCD300474FCC /* StudyApp */ = {
			isa = PBXGroup;
			children = (
				8D074AEA2BC4BC84000E6D9A /* FlashcardsVC.swift */,
				8D4CDF7C2BB1DCD300474FCC /* AppDelegate.swift */,
				8D4CDF7E2BB1DCD300474FCC /* SceneDelegate.swift */,
				8D4CDF802BB1DCD300474FCC /* ViewController.swift */,
				8D4CDF822BB1DCD300474FCC /* Main.storyboard */,
				8D4CDF852BB1DCD800474FCC /* Assets.xcassets */,
				8D4CDF872BB1DCD800474FCC /* LaunchScreen.storyboard */,
				8D4CDF8A2BB1DCD800474FCC /* Info.plist */,
				8D4CDF902BB26EEF00474FCC /* SetsVC.swift */,
				8D11FE6A2BC4CF6100143444 /* LaunchScreen.storyboard */,
			);
			path = StudyApp;
			sourceTree = "<group>";
		};
/* End PBXGroup section */

/* Begin PBXNativeTarget section */
		8D4CDF782BB1DCD300474FCC /* StudyApp */ = {
			isa = PBXNativeTarget;
			buildConfigurationList = 8D4CDF8D2BB1DCD800474FCC /* Build configuration list for PBXNativeTarget "StudyApp" */;
			buildPhases = (
				8D4CDF752BB1DCD300474FCC /* Sources */,
				8D4CDF762BB1DCD300474FCC /* Frameworks */,
				8D4CDF772BB1DCD300474FCC /* Resources */,
			);
			buildRules = (
			);
			dependencies = (
			);
			name = StudyApp;
			productName = StudyApp;
			productReference = 8D4CDF792BB1DCD300474FCC /* StudyApp.app */;
			productType = "com.apple.product-type.application";
		};
/* End PBXNativeTarget section */

/* Begin PBXProject section */
		8D4CDF712BB1DCD300474FCC /* Project object */ = {
			isa = PBXProject;
			attributes = {
				BuildIndependentTargetsInParallel = 1;
				LastSwiftUpdateCheck = 1500;
				LastUpgradeCheck = 1500;
				TargetAttributes = {
					8D4CDF782BB1DCD300474FCC = {
						CreatedOnToolsVersion = 15.0;
					};
				};
			};
			buildConfigurationList = 8D4CDF742BB1DCD300474FCC /* Build configuration list for PBXProject "StudyApp" */;
			compatibilityVersion = "Xcode 14.0";
			developmentRegion = en;
			hasScannedForEncodings = 0;
			knownRegions = (
				en,
				Base,
			);
			mainGroup = 8D4CDF702BB1DCD300474FCC;
			productRefGroup = 8D4CDF7A2BB1DCD300474FCC /* Products */;
			projectDirPath = "";
			projectRoot = "";
			targets = (
				8D4CDF782BB1DCD300474FCC /* StudyApp */,
			);
		};
/* End PBXProject section */

/* Begin PBXResourcesBuildPhase section */
		8D4CDF772BB1DCD300474FCC /* Resources */ = {
			isa = PBXResourcesBuildPhase;
			buildActionMask = 2147483647;
			files = (
				8D4CDF892BB1DCD800474FCC /* LaunchScreen.storyboard in Resources */,
				8D11FE6B2BC4CF6100143444 /* LaunchScreen.storyboard in Resources */,
				8D4CDF862BB1DCD800474FCC /* Assets.xcassets in Resources */,
				8D4CDF842BB1DCD300474FCC /* Main.storyboard in Resources */,
			);
			runOnlyForDeploymentPostprocessing = 0;
		};
/* End PBXResourcesBuildPhase section */

/* Begin PBXSourcesBuildPhase section */
		8D4CDF752BB1DCD300474FCC /* Sources */ = {
			isa = PBXSourcesBuildPhase;
			buildActionMask = 2147483647;
			files = (
				8D4CDF812BB1DCD300474FCC /* ViewController.swift in Sources */,
				8D4CDF7D2BB1DCD300474FCC /* AppDelegate.swift in Sources */,
				8D074AEB2BC4BC84000E6D9A /* FlashcardsVC.swift in Sources */,
				8D4CDF7F2BB1DCD300474FCC /* SceneDelegate.swift in Sources */,
				8D4CDF912BB26EEF00474FCC /* SetsVC.swift in Sources */,
			);
			runOnlyForDeploymentPostprocessing = 0;
		};
/* End PBXSourcesBuildPhase section */

/* Begin PBXVariantGroup section */
		8D4CDF822BB1DCD300474FCC /* Main.storyboard */ = {
			isa = PBXVariantGroup;
			children = (
				8D4CDF832BB1DCD300474FCC /* Base */,
			);
			name = Main.storyboard;
			sourceTree = "<group>";
		};
		8D4CDF872BB1DCD800474FCC /* LaunchScreen.storyboard */ = {
			isa = PBXVariantGroup;
			children = (
				8D4CDF882BB1DCD800474FCC /* Base */,
			);
			name = LaunchScreen.storyboard;
			sourceTree = "<group>";
		};
/* End PBXVariantGroup section */

/* Begin XCBuildConfiguration section */
		8D4CDF8B2BB1DCD800474FCC /* Debug */ = {
			isa = XCBuildConfiguration;
			buildSettings = {
				ALWAYS_SEARCH_USER_PATHS = NO;
				ASSETCATALOG_COMPILER_GENERATE_SWIFT_ASSET_SYMBOL_EXTENSIONS = YES;
				CLANG_ANALYZER_NONNULL = YES;
				CLANG_ANALYZER_NUMBER_OBJECT_CONVERSION = YES_AGGRESSIVE;
				CLANG_CXX_LANGUAGE_STANDARD = "gnu++20";
				CLANG_ENABLE_MODULES = YES;
				CLANG_ENABLE_OBJC_ARC = YES;
				CLANG_ENABLE_OBJC_WEAK = YES;
				CLANG_WARN_BLOCK_CAPTURE_AUTORELEASING = YES;
				CLANG_WARN_BOOL_CONVERSION = YES;
				CLANG_WARN_COMMA = YES;
				CLANG_WARN_CONSTANT_CONVERSION = YES;
				CLANG_WARN_DEPRECATED_OBJC_IMPLEMENTATIONS = YES;
				CLANG_WARN_DIRECT_OBJC_ISA_USAGE = YES_ERROR;
				CLANG_WARN_DOCUMENTATION_COMMENTS = YES;
				CLANG_WARN_EMPTY_BODY = YES;
				CLANG_WARN_ENUM_CONVERSION = YES;
				CLANG_WARN_INFINITE_RECURSION = YES;
				CLANG_WARN_INT_CONVERSION = YES;
				CLANG_WARN_NON_LITERAL_NULL_CONVERSION = YES;
				CLANG_WARN_OBJC_IMPLICIT_RETAIN_SELF = YES;
				CLANG_WARN_OBJC_LITERAL_CONVERSION = YES;
				CLANG_WARN_OBJC_ROOT_CLASS = YES_ERROR;
				CLANG_WARN_QUOTED_INCLUDE_IN_FRAMEWORK_HEADER = YES;
				CLANG_WARN_RANGE_LOOP_ANALYSIS = YES;
				CLANG_WARN_STRICT_PROTOTYPES = YES;
				CLANG_WARN_SUSPICIOUS_MOVE = YES;
				CLANG_WARN_UNGUARDED_AVAILABILITY = YES_AGGRESSIVE;
				CLANG_WARN_UNREACHABLE_CODE = YES;
				CLANG_WARN__DUPLICATE_METHOD_MATCH = YES;
				COPY_PHASE_STRIP = NO;
				DEBUG_INFORMATION_FORMAT = dwarf;
				ENABLE_STRICT_OBJC_MSGSEND = YES;
				ENABLE_TESTABILITY = YES;
				ENABLE_USER_SCRIPT_SANDBOXING = YES;
				GCC_C_LANGUAGE_STANDARD = gnu17;
				GCC_DYNAMIC_NO_PIC = NO;
				GCC_NO_COMMON_BLOCKS = YES;
				GCC_OPTIMIZATION_LEVEL = 0;
				GCC_PREPROCESSOR_DEFINITIONS = (
					"DEBUG=1",
					"$(inherited)",
				);
				GCC_WARN_64_TO_32_BIT_CONVERSION = YES;
				GCC_WARN_ABOUT_RETURN_TYPE = YES_ERROR;
				GCC_WARN_UNDECLARED_SELECTOR = YES;
				GCC_WARN_UNINITIALIZED_AUTOS = YES_AGGRESSIVE;
				GCC_WARN_UNUSED_FUNCTION = YES;
				GCC_WARN_UNUSED_VARIABLE = YES;
				IPHONEOS_DEPLOYMENT_TARGET = 17.0;
				LOCALIZATION_PREFERS_STRING_CATALOGS = YES;
				MTL_ENABLE_DEBUG_INFO = INCLUDE_SOURCE;
				MTL_FAST_MATH = YES;
				ONLY_ACTIVE_ARCH = YES;
				SDKROOT = iphoneos;
				SWIFT_ACTIVE_COMPILATION_CONDITIONS = "DEBUG $(inherited)";
				SWIFT_OPTIMIZATION_LEVEL = "-Onone";
			};
			name = Debug;
		};
		8D4CDF8C2BB1DCD800474FCC /* Release */ = {
			isa = XCBuildConfiguration;
			buildSettings = {
				ALWAYS_SEARCH_USER_PATHS = NO;
				ASSETCATALOG_COMPILER_GENERATE_SWIFT_ASSET_SYMBOL_EXTENSIONS = YES;
				CLANG_ANALYZER_NONNULL = YES;
				CLANG_ANALYZER_NUMBER_OBJECT_CONVERSION = YES_AGGRESSIVE;
				CLANG_CXX_LANGUAGE_STANDARD = "gnu++20";
				CLANG_ENABLE_MODULES = YES;
				CLANG_ENABLE_OBJC_ARC = YES;
				CLANG_ENABLE_OBJC_WEAK = YES;
				CLANG_WARN_BLOCK_CAPTURE_AUTORELEASING = YES;
				CLANG_WARN_BOOL_CONVERSION = YES;
				CLANG_WARN_COMMA = YES;
				CLANG_WARN_CONSTANT_CONVERSION = YES;
				CLANG_WARN_DEPRECATED_OBJC_IMPLEMENTATIONS = YES;
				CLANG_WARN_DIRECT_OBJC_ISA_USAGE = YES_ERROR;
				CLANG_WARN_DOCUMENTATION_COMMENTS = YES;
				CLANG_WARN_EMPTY_BODY = YES;
				CLANG_WARN_ENUM_CONVERSION = YES;
				CLANG_WARN_INFINITE_RECURSION = YES;
				CLANG_WARN_INT_CONVERSION = YES;
				CLANG_WARN_NON_LITERAL_NULL_CONVERSION = YES;
				CLANG_WARN_OBJC_IMPLICIT_RETAIN_SELF = YES;
				CLANG_WARN_OBJC_LITERAL_CONVERSION = YES;
				CLANG_WARN_OBJC_ROOT_CLASS = YES_ERROR;
				CLANG_WARN_QUOTED_INCLUDE_IN_FRAMEWORK_HEADER = YES;
				CLANG_WARN_RANGE_LOOP_ANALYSIS = YES;
				CLANG_WARN_STRICT_PROTOTYPES = YES;
				CLANG_WARN_SUSPICIOUS_MOVE = YES;
				CLANG_WARN_UNGUARDED_AVAILABILITY = YES_AGGRESSIVE;
				CLANG_WARN_UNREACHABLE_CODE = YES;
				CLANG_WARN__DUPLICATE_METHOD_MATCH = YES;
				COPY_PHASE_STRIP = NO;
				DEBUG_INFORMATION_FORMAT = "dwarf-with-dsym";
				ENABLE_NS_ASSERTIONS = NO;
				ENABLE_STRICT_OBJC_MSGSEND = YES;
				ENABLE_USER_SCRIPT_SANDBOXING = YES;
				GCC_C_LANGUAGE_STANDARD = gnu17;
				GCC_NO_COMMON_BLOCKS = YES;
				GCC_WARN_64_TO_32_BIT_CONVERSION = YES;
				GCC_WARN_ABOUT_RETURN_TYPE = YES_ERROR;
				GCC_WARN_UNDECLARED_SELECTOR = YES;
				GCC_WARN_UNINITIALIZED_AUTOS = YES_AGGRESSIVE;
				GCC_WARN_UNUSED_FUNCTION = YES;
				GCC_WARN_UNUSED_VARIABLE = YES;
				IPHONEOS_DEPLOYMENT_TARGET = 17.0;
				LOCALIZATION_PREFERS_STRING_CATALOGS = YES;
				MTL_ENABLE_DEBUG_INFO = NO;
				MTL_FAST_MATH = YES;
				SDKROOT = iphoneos;
				SWIFT_COMPILATION_MODE = wholemodule;
				VALIDATE_PRODUCT = YES;
			};
			name = Release;
		};
		8D4CDF8E2BB1DCD800474FCC /* Debug */ = {
			isa = XCBuildConfiguration;
			buildSettings = {
				ASSETCATALOG_COMPILER_APPICON_NAME = AppIcon;
				ASSETCATALOG_COMPILER_GLOBAL_ACCENT_COLOR_NAME = AccentColor;
				CODE_SIGN_STYLE = Automatic;
				CURRENT_PROJECT_VERSION = 1;
				DEVELOPMENT_TEAM = 366XTZF564;
				GENERATE_INFOPLIST_FILE = YES;
				INFOPLIST_FILE = StudyApp/Info.plist;
				INFOPLIST_KEY_CFBundleDisplayName = Dendritic;
				INFOPLIST_KEY_LSApplicationCategoryType = "public.app-category.education";
				INFOPLIST_KEY_UIApplicationSupportsIndirectInputEvents = YES;
				INFOPLIST_KEY_UILaunchStoryboardName = LaunchScreen;
				INFOPLIST_KEY_UIMainStoryboardFile = Main;
				INFOPLIST_KEY_UISupportedInterfaceOrientations_iPad = "UIInterfaceOrientationPortrait UIInterfaceOrientationPortraitUpsideDown UIInterfaceOrientationLandscapeLeft UIInterfaceOrientationLandscapeRight";
				INFOPLIST_KEY_UISupportedInterfaceOrientations_iPhone = "UIInterfaceOrientationPortrait UIInterfaceOrientationLandscapeLeft UIInterfaceOrientationLandscapeRight";
				LD_RUNPATH_SEARCH_PATHS = (
					"$(inherited)",
					"@executable_path/Frameworks",
				);
				MARKETING_VERSION = 1.0;
				PRODUCT_BUNDLE_IDENTIFIER = dev.decentish.StudyApp;
				PRODUCT_NAME = "$(TARGET_NAME)";
				SWIFT_EMIT_LOC_STRINGS = YES;
				SWIFT_VERSION = 5.0;
				TARGETED_DEVICE_FAMILY = "1,2";
			};
			name = Debug;
		};
		8D4CDF8F2BB1DCD800474FCC /* Release */ = {
			isa = XCBuildConfiguration;
			buildSettings = {
				ASSETCATALOG_COMPILER_APPICON_NAME = AppIcon;
				ASSETCATALOG_COMPILER_GLOBAL_ACCENT_COLOR_NAME = AccentColor;
				CODE_SIGN_STYLE = Automatic;
				CURRENT_PROJECT_VERSION = 1;
				DEVELOPMENT_TEAM = 366XTZF564;
				GENERATE_INFOPLIST_FILE = YES;
				INFOPLIST_FILE = StudyApp/Info.plist;
				INFOPLIST_KEY_CFBundleDisplayName = Dendritic;
				INFOPLIST_KEY_LSApplicationCategoryType = "public.app-category.education";
				INFOPLIST_KEY_UIApplicationSupportsIndirectInputEvents = YES;
				INFOPLIST_KEY_UILaunchStoryboardName = LaunchScreen;
				INFOPLIST_KEY_UIMainStoryboardFile = Main;
				INFOPLIST_KEY_UISupportedInterfaceOrientations_iPad = "UIInterfaceOrientationPortrait UIInterfaceOrientationPortraitUpsideDown UIInterfaceOrientationLandscapeLeft UIInterfaceOrientationLandscapeRight";
				INFOPLIST_KEY_UISupportedInterfaceOrientations_iPhone = "UIInterfaceOrientationPortrait UIInterfaceOrientationLandscapeLeft UIInterfaceOrientationLandscapeRight";
				LD_RUNPATH_SEARCH_PATHS = (
					"$(inherited)",
					"@executable_path/Frameworks",
				);
				MARKETING_VERSION = 1.0;
				PRODUCT_BUNDLE_IDENTIFIER = dev.decentish.StudyApp;
				PRODUCT_NAME = "$(TARGET_NAME)";
				SWIFT_EMIT_LOC_STRINGS = YES;
				SWIFT_VERSION = 5.0;
				TARGETED_DEVICE_FAMILY = "1,2";
			};
			name = Release;
		};
/* End XCBuildConfiguration section */

/* Begin XCConfigurationList section */
		8D4CDF742BB1DCD300474FCC /* Build configuration list for PBXProject "StudyApp" */ = {
			isa = XCConfigurationList;
			buildConfigurations = (
				8D4CDF8B2BB1DCD800474FCC /* Debug */,
				8D4CDF8C2BB1DCD800474FCC /* Release */,
			);
			defaultConfigurationIsVisible = 0;
			defaultConfigurationName = Release;
		};
		8D4CDF8D2BB1DCD800474FCC /* Build configuration list for PBXNativeTarget "StudyApp" */ = {
			isa = XCConfigurationList;
			buildConfigurations = (
				8D4CDF8E2BB1DCD800474FCC /* Debug */,
				8D4CDF8F2BB1DCD800474FCC /* Release */,
			);
			defaultConfigurationIsVisible = 0;
			defaultConfigurationName = Release;
		};
/* End XCConfigurationList section */
	};
	rootObject = 8D4CDF712BB1DCD300474FCC /* Project object */;
}
