// !$*UTF8*$!
{
	archiveVersion = 1;
	classes = {
	};
	objectVersion = 56;
	objects = {

/* Begin PBXBuildFile section */
		0EF03BB02BC570A600B50550 /* StandardSetVC.swift in Sources */ = {isa = PBXBuildFile; fileRef = 0EF03BAF2BC570A600B50550 /* StandardSetVC.swift */; };
		8D074AEB2BC4BC84000E6D9A /* FlashcardsVC.swift in Sources */ = {isa = PBXBuildFile; fileRef = 8D074AEA2BC4BC84000E6D9A /* FlashcardsVC.swift */; };
		8D0B58C82C0F678A00AA08F2 /* SettingsVC.swift in Sources */ = {isa = PBXBuildFile; fileRef = 8D0B58C72C0F678A00AA08F2 /* SettingsVC.swift */; };
		8D0EC1442BEDB0CD00717BA4 /* StandardEditorVC.swift in Sources */ = {isa = PBXBuildFile; fileRef = 8D0EC1432BEDB0CD00717BA4 /* StandardEditorVC.swift */; };
		8D31BD4B2C194ED900676C85 /* LilGrotesk[wght].ttf in Resources */ = {isa = PBXBuildFile; fileRef = 8D31BD4A2C194ED800676C85 /* LilGrotesk[wght].ttf */; };
		8D32254E2BFA4D2E00E7F216 /* DrawingEditorVC.swift in Sources */ = {isa = PBXBuildFile; fileRef = 8D32254D2BFA4D2E00E7F216 /* DrawingEditorVC.swift */; };
		8D3EE64A2BEEEA4400ADBD49 /* layout.swift in Sources */ = {isa = PBXBuildFile; fileRef = 8D3EE6492BEEEA4400ADBD49 /* layout.swift */; };
		8D4CDF7D2BB1DCD300474FCC /* AppDelegate.swift in Sources */ = {isa = PBXBuildFile; fileRef = 8D4CDF7C2BB1DCD300474FCC /* AppDelegate.swift */; };
		8D4CDF7F2BB1DCD300474FCC /* SceneDelegate.swift in Sources */ = {isa = PBXBuildFile; fileRef = 8D4CDF7E2BB1DCD300474FCC /* SceneDelegate.swift */; };
		8D4CDF842BB1DCD300474FCC /* Main.storyboard in Resources */ = {isa = PBXBuildFile; fileRef = 8D4CDF822BB1DCD300474FCC /* Main.storyboard */; };
		8D4CDF862BB1DCD800474FCC /* Assets.xcassets in Resources */ = {isa = PBXBuildFile; fileRef = 8D4CDF852BB1DCD800474FCC /* Assets.xcassets */; };
		8D4CDF892BB1DCD800474FCC /* LaunchScreen.storyboard in Resources */ = {isa = PBXBuildFile; fileRef = 8D4CDF872BB1DCD800474FCC /* LaunchScreen.storyboard */; };
		8D4CDF912BB26EEF00474FCC /* SetsVC.swift in Sources */ = {isa = PBXBuildFile; fileRef = 8D4CDF902BB26EEF00474FCC /* SetsVC.swift */; };
		8D71F6752BCB415F0097DF26 /* WebSetVC.swift in Sources */ = {isa = PBXBuildFile; fileRef = 8D71F6742BCB415F0097DF26 /* WebSetVC.swift */; };
		8D71F6772BCB41BB0097DF26 /* StandardLearnVC.swift in Sources */ = {isa = PBXBuildFile; fileRef = 8D71F6762BCB41BB0097DF26 /* StandardLearnVC.swift */; };
		8D89FD112BD073280038F597 /* Colors.swift in Sources */ = {isa = PBXBuildFile; fileRef = 8D89FD102BD073280038F597 /* Colors.swift */; };
		8D89FD132BD07BDA0038F597 /* WebTermEditorVC.swift in Sources */ = {isa = PBXBuildFile; fileRef = 8D89FD122BD07BDA0038F597 /* WebTermEditorVC.swift */; };
		8D91B5532BCF370F003A625B /* MainPage.swift in Sources */ = {isa = PBXBuildFile; fileRef = 8D91B5522BCF370F003A625B /* MainPage.swift */; };
		8D91B5552BCF476F003A625B /* WebEditorVC.swift in Sources */ = {isa = PBXBuildFile; fileRef = 8D91B5542BCF476F003A625B /* WebEditorVC.swift */; };
		8D9B64092BF410A900ACD28A /* WebViewerVC.swift in Sources */ = {isa = PBXBuildFile; fileRef = 8D9B64082BF410A800ACD28A /* WebViewerVC.swift */; };
		8DE1BAB42BF0566B008F61ED /* NewSetVC.swift in Sources */ = {isa = PBXBuildFile; fileRef = 8DE1BAB32BF0566B008F61ED /* NewSetVC.swift */; };
		8DE1BAB62BF0710D008F61ED /* WebStudyVC.swift in Sources */ = {isa = PBXBuildFile; fileRef = 8DE1BAB52BF0710D008F61ED /* WebStudyVC.swift */; };
/* End PBXBuildFile section */

/* Begin PBXFileReference section */
		0EF03BAF2BC570A600B50550 /* StandardSetVC.swift */ = {isa = PBXFileReference; lastKnownFileType = sourcecode.swift; path = StandardSetVC.swift; sourceTree = "<group>"; };
		8D074AEA2BC4BC84000E6D9A /* FlashcardsVC.swift */ = {isa = PBXFileReference; lastKnownFileType = sourcecode.swift; path = FlashcardsVC.swift; sourceTree = "<group>"; };
		8D0B58C72C0F678A00AA08F2 /* SettingsVC.swift */ = {isa = PBXFileReference; lastKnownFileType = sourcecode.swift; path = SettingsVC.swift; sourceTree = "<group>"; };
		8D0EC1432BEDB0CD00717BA4 /* StandardEditorVC.swift */ = {isa = PBXFileReference; lastKnownFileType = sourcecode.swift; path = StandardEditorVC.swift; sourceTree = "<group>"; };
		8D31BD4A2C194ED800676C85 /* LilGrotesk[wght].ttf */ = {isa = PBXFileReference; lastKnownFileType = file; name = "LilGrotesk[wght].ttf"; path = "../../../Downloads/LilGrotesk[wght].ttf"; sourceTree = "<group>"; };
		8D32254D2BFA4D2E00E7F216 /* DrawingEditorVC.swift */ = {isa = PBXFileReference; lastKnownFileType = sourcecode.swift; path = DrawingEditorVC.swift; sourceTree = "<group>"; };
		8D3EE6492BEEEA4400ADBD49 /* layout.swift */ = {isa = PBXFileReference; lastKnownFileType = sourcecode.swift; path = layout.swift; sourceTree = "<group>"; };
		8D4CDF792BB1DCD300474FCC /* StudyApp.app */ = {isa = PBXFileReference; explicitFileType = wrapper.application; includeInIndex = 0; path = StudyApp.app; sourceTree = BUILT_PRODUCTS_DIR; };
		8D4CDF7C2BB1DCD300474FCC /* AppDelegate.swift */ = {isa = PBXFileReference; lastKnownFileType = sourcecode.swift; path = AppDelegate.swift; sourceTree = "<group>"; };
		8D4CDF7E2BB1DCD300474FCC /* SceneDelegate.swift */ = {isa = PBXFileReference; lastKnownFileType = sourcecode.swift; path = SceneDelegate.swift; sourceTree = "<group>"; };
		8D4CDF832BB1DCD300474FCC /* Base */ = {isa = PBXFileReference; lastKnownFileType = file.storyboard; name = Base; path = Base.lproj/Main.storyboard; sourceTree = "<group>"; };
		8D4CDF852BB1DCD800474FCC /* Assets.xcassets */ = {isa = PBXFileReference; lastKnownFileType = folder.assetcatalog; path = Assets.xcassets; sourceTree = "<group>"; };
		8D4CDF882BB1DCD800474FCC /* Base */ = {isa = PBXFileReference; lastKnownFileType = file.storyboard; name = Base; path = Base.lproj/LaunchScreen.storyboard; sourceTree = "<group>"; };
		8D4CDF8A2BB1DCD800474FCC /* Info.plist */ = {isa = PBXFileReference; lastKnownFileType = text.plist.xml; path = Info.plist; sourceTree = "<group>"; };
		8D4CDF902BB26EEF00474FCC /* SetsVC.swift */ = {isa = PBXFileReference; lastKnownFileType = sourcecode.swift; path = SetsVC.swift; sourceTree = "<group>"; };
		8D71F6742BCB415F0097DF26 /* WebSetVC.swift */ = {isa = PBXFileReference; lastKnownFileType = sourcecode.swift; path = WebSetVC.swift; sourceTree = "<group>"; };
		8D71F6762BCB41BB0097DF26 /* StandardLearnVC.swift */ = {isa = PBXFileReference; lastKnownFileType = sourcecode.swift; path = StandardLearnVC.swift; sourceTree = "<group>"; };
		8D89FD102BD073280038F597 /* Colors.swift */ = {isa = PBXFileReference; lastKnownFileType = sourcecode.swift; path = Colors.swift; sourceTree = "<group>"; };
		8D89FD122BD07BDA0038F597 /* WebTermEditorVC.swift */ = {isa = PBXFileReference; lastKnownFileType = sourcecode.swift; path = WebTermEditorVC.swift; sourceTree = "<group>"; };
		8D91B5522BCF370F003A625B /* MainPage.swift */ = {isa = PBXFileReference; lastKnownFileType = sourcecode.swift; path = MainPage.swift; sourceTree = "<group>"; };
		8D91B5542BCF476F003A625B /* WebEditorVC.swift */ = {isa = PBXFileReference; lastKnownFileType = sourcecode.swift; path = WebEditorVC.swift; sourceTree = "<group>"; };
		8D9B64082BF410A800ACD28A /* WebViewerVC.swift */ = {isa = PBXFileReference; lastKnownFileType = sourcecode.swift; path = WebViewerVC.swift; sourceTree = "<group>"; };
		8DE1BAB32BF0566B008F61ED /* NewSetVC.swift */ = {isa = PBXFileReference; lastKnownFileType = sourcecode.swift; path = NewSetVC.swift; sourceTree = "<group>"; };
		8DE1BAB52BF0710D008F61ED /* WebStudyVC.swift */ = {isa = PBXFileReference; lastKnownFileType = sourcecode.swift; path = WebStudyVC.swift; sourceTree = "<group>"; };
/* End PBXFileReference section */

/* Begin PBXFrameworksBuildPhase section */
		8D4CDF762BB1DCD300474FCC /* Frameworks */ = {
			isa = PBXFrameworksBuildPhase;
			buildActionMask = 2147483647;
			files = (
			);
			runOnlyForDeploymentPostprocessing = 0;
		};
/* End PBXFrameworksBuildPhase section */

/* Begin PBXGroup section */
		8D4CDF702BB1DCD300474FCC = {
			isa = PBXGroup;
			children = (
				8D4CDF7B2BB1DCD300474FCC /* StudyApp */,
				8D4CDF7A2BB1DCD300474FCC /* Products */,
			);
			sourceTree = "<group>";
		};
		8D4CDF7A2BB1DCD300474FCC /* Products */ = {
			isa = PBXGroup;
			children = (
				8D4CDF792BB1DCD300474FCC /* StudyApp.app */,
			);
			name = Products;
			sourceTree = "<group>";
		};
		8D4CDF7B2BB1DCD300474FCC /* StudyApp */ = {
			isa = PBXGroup;
			children = (
				8D31BD4A2C194ED800676C85 /* LilGrotesk[wght].ttf */,
				8D074AEA2BC4BC84000E6D9A /* FlashcardsVC.swift */,
				8D4CDF7C2BB1DCD300474FCC /* AppDelegate.swift */,
				8D4CDF7E2BB1DCD300474FCC /* SceneDelegate.swift */,
				8D4CDF822BB1DCD300474FCC /* Main.storyboard */,
				8D4CDF852BB1DCD800474FCC /* Assets.xcassets */,
				8D4CDF872BB1DCD800474FCC /* LaunchScreen.storyboard */,
				8D4CDF8A2BB1DCD800474FCC /* Info.plist */,
				8D4CDF902BB26EEF00474FCC /* SetsVC.swift */,
				0EF03BAF2BC570A600B50550 /* StandardSetVC.swift */,
				8D71F6742BCB415F0097DF26 /* WebSetVC.swift */,
				8D71F6762BCB41BB0097DF26 /* StandardLearnVC.swift */,
				8D91B5522BCF370F003A625B /* MainPage.swift */,
				8D91B5542BCF476F003A625B /* WebEditorVC.swift */,
				8D89FD102BD073280038F597 /* Colors.swift */,
				8D89FD122BD07BDA0038F597 /* WebTermEditorVC.swift */,
				8D0EC1432BEDB0CD00717BA4 /* StandardEditorVC.swift */,
				8D3EE6492BEEEA4400ADBD49 /* layout.swift */,
				8DE1BAB32BF0566B008F61ED /* NewSetVC.swift */,
				8DE1BAB52BF0710D008F61ED /* WebStudyVC.swift */,
				8D9B64082BF410A800ACD28A /* WebViewerVC.swift */,
				8D32254D2BFA4D2E00E7F216 /* DrawingEditorVC.swift */,
				8D0B58C72C0F678A00AA08F2 /* SettingsVC.swift */,
			);
			path = StudyApp;
			sourceTree = "<group>";
		};
/* End PBXGroup section */

/* Begin PBXNativeTarget section */
		8D4CDF782BB1DCD300474FCC /* StudyApp */ = {
			isa = PBXNativeTarget;
			buildConfigurationList = 8D4CDF8D2BB1DCD800474FCC /* Build configuration list for PBXNativeTarget "StudyApp" */;
			buildPhases = (
				8D4CDF752BB1DCD300474FCC /* Sources */,
				8D4CDF762BB1DCD300474FCC /* Frameworks */,
				8D4CDF772BB1DCD300474FCC /* Resources */,
			);
			buildRules = (
			);
			dependencies = (
			);
			name = StudyApp;
			productName = StudyApp;
			productReference = 8D4CDF792BB1DCD300474FCC /* StudyApp.app */;
			productType = "com.apple.product-type.application";
		};
/* End PBXNativeTarget section */

/* Begin PBXProject section */
		8D4CDF712BB1DCD300474FCC /* Project object */ = {
			isa = PBXProject;
			attributes = {
				BuildIndependentTargetsInParallel = 1;
				LastSwiftUpdateCheck = 1500;
				LastUpgradeCheck = 1500;
				TargetAttributes = {
					8D4CDF782BB1DCD300474FCC = {
						CreatedOnToolsVersion = 15.0;
					};
				};
			};
			buildConfigurationList = 8D4CDF742BB1DCD300474FCC /* Build configuration list for PBXProject "StudyApp" */;
			compatibilityVersion = "Xcode 14.0";
			developmentRegion = en;
			hasScannedForEncodings = 0;
			knownRegions = (
				en,
				Base,
			);
			mainGroup = 8D4CDF702BB1DCD300474FCC;
			productRefGroup = 8D4CDF7A2BB1DCD300474FCC /* Products */;
			projectDirPath = "";
			projectRoot = "";
			targets = (
				8D4CDF782BB1DCD300474FCC /* StudyApp */,
			);
		};
/* End PBXProject section */

/* Begin PBXResourcesBuildPhase section */
		8D4CDF772BB1DCD300474FCC /* Resources */ = {
			isa = PBXResourcesBuildPhase;
			buildActionMask = 2147483647;
			files = (
				8D4CDF892BB1DCD800474FCC /* LaunchScreen.storyboard in Resources */,
				8D31BD4B2C194ED900676C85 /* LilGrotesk[wght].ttf in Resources */,
				8D4CDF862BB1DCD800474FCC /* Assets.xcassets in Resources */,
				8D4CDF842BB1DCD300474FCC /* Main.storyboard in Resources */,
			);
			runOnlyForDeploymentPostprocessing = 0;
		};
/* End PBXResourcesBuildPhase section */

/* Begin PBXSourcesBuildPhase section */
		8D4CDF752BB1DCD300474FCC /* Sources */ = {
			isa = PBXSourcesBuildPhase;
			buildActionMask = 2147483647;
			files = (
				8DE1BAB42BF0566B008F61ED /* NewSetVC.swift in Sources */,
				8D71F6752BCB415F0097DF26 /* WebSetVC.swift in Sources */,
				8D89FD132BD07BDA0038F597 /* WebTermEditorVC.swift in Sources */,
				8D32254E2BFA4D2E00E7F216 /* DrawingEditorVC.swift in Sources */,
				8D89FD112BD073280038F597 /* Colors.swift in Sources */,
				8D91B5552BCF476F003A625B /* WebEditorVC.swift in Sources */,
				8D9B64092BF410A900ACD28A /* WebViewerVC.swift in Sources */,
				8D4CDF7D2BB1DCD300474FCC /* AppDelegate.swift in Sources */,
				8D3EE64A2BEEEA4400ADBD49 /* layout.swift in Sources */,
				8D91B5532BCF370F003A625B /* MainPage.swift in Sources */,
				8D074AEB2BC4BC84000E6D9A /* FlashcardsVC.swift in Sources */,
				8D71F6772BCB41BB0097DF26 /* StandardLearnVC.swift in Sources */,
				8D4CDF7F2BB1DCD300474FCC /* SceneDelegate.swift in Sources */,
				8DE1BAB62BF0710D008F61ED /* WebStudyVC.swift in Sources */,
				0EF03BB02BC570A600B50550 /* StandardSetVC.swift in Sources */,
				8D0EC1442BEDB0CD00717BA4 /* StandardEditorVC.swift in Sources */,
				8D4CDF912BB26EEF00474FCC /* SetsVC.swift in Sources */,
				8D0B58C82C0F678A00AA08F2 /* SettingsVC.swift in Sources */,
			);
			runOnlyForDeploymentPostprocessing = 0;
		};
/* End PBXSourcesBuildPhase section */

/* Begin PBXVariantGroup section */
		8D4CDF822BB1DCD300474FCC /* Main.storyboard */ = {
			isa = PBXVariantGroup;
			children = (
				8D4CDF832BB1DCD300474FCC /* Base */,
			);
			name = Main.storyboard;
			sourceTree = "<group>";
		};
		8D4CDF872BB1DCD800474FCC /* LaunchScreen.storyboard */ = {
			isa = PBXVariantGroup;
			children = (
				8D4CDF882BB1DCD800474FCC /* Base */,
			);
			name = LaunchScreen.storyboard;
			sourceTree = "<group>";
		};
/* End PBXVariantGroup section */

/* Begin XCBuildConfiguration section */
		8D4CDF8B2BB1DCD800474FCC /* Debug */ = {
			isa = XCBuildConfiguration;
			buildSettings = {
				ALWAYS_SEARCH_USER_PATHS = NO;
				ASSETCATALOG_COMPILER_GENERATE_SWIFT_ASSET_SYMBOL_EXTENSIONS = YES;
				CLANG_ANALYZER_NONNULL = YES;
				CLANG_ANALYZER_NUMBER_OBJECT_CONVERSION = YES_AGGRESSIVE;
				CLANG_CXX_LANGUAGE_STANDARD = "gnu++20";
				CLANG_ENABLE_MODULES = YES;
				CLANG_ENABLE_OBJC_ARC = YES;
				CLANG_ENABLE_OBJC_WEAK = YES;
				CLANG_WARN_BLOCK_CAPTURE_AUTORELEASING = YES;
				CLANG_WARN_BOOL_CONVERSION = YES;
				CLANG_WARN_COMMA = YES;
				CLANG_WARN_CONSTANT_CONVERSION = YES;
				CLANG_WARN_DEPRECATED_OBJC_IMPLEMENTATIONS = YES;
				CLANG_WARN_DIRECT_OBJC_ISA_USAGE = YES_ERROR;
				CLANG_WARN_DOCUMENTATION_COMMENTS = YES;
				CLANG_WARN_EMPTY_BODY = YES;
				CLANG_WARN_ENUM_CONVERSION = YES;
				CLANG_WARN_INFINITE_RECURSION = YES;
				CLANG_WARN_INT_CONVERSION = YES;
				CLANG_WARN_NON_LITERAL_NULL_CONVERSION = YES;
				CLANG_WARN_OBJC_IMPLICIT_RETAIN_SELF = YES;
				CLANG_WARN_OBJC_LITERAL_CONVERSION = YES;
				CLANG_WARN_OBJC_ROOT_CLASS = YES_ERROR;
				CLANG_WARN_QUOTED_INCLUDE_IN_FRAMEWORK_HEADER = YES;
				CLANG_WARN_RANGE_LOOP_ANALYSIS = YES;
				CLANG_WARN_STRICT_PROTOTYPES = YES;
				CLANG_WARN_SUSPICIOUS_MOVE = YES;
				CLANG_WARN_UNGUARDED_AVAILABILITY = YES_AGGRESSIVE;
				CLANG_WARN_UNREACHABLE_CODE = YES;
				CLANG_WARN__DUPLICATE_METHOD_MATCH = YES;
				COPY_PHASE_STRIP = NO;
				DEBUG_INFORMATION_FORMAT = dwarf;
				ENABLE_STRICT_OBJC_MSGSEND = YES;
				ENABLE_TESTABILITY = YES;
				ENABLE_USER_SCRIPT_SANDBOXING = YES;
				GCC_C_LANGUAGE_STANDARD = gnu17;
				GCC_DYNAMIC_NO_PIC = NO;
				GCC_NO_COMMON_BLOCKS = YES;
				GCC_OPTIMIZATION_LEVEL = 0;
				GCC_PREPROCESSOR_DEFINITIONS = (
					"DEBUG=1",
					"$(inherited)",
				);
				GCC_WARN_64_TO_32_BIT_CONVERSION = YES;
				GCC_WARN_ABOUT_RETURN_TYPE = YES_ERROR;
				GCC_WARN_UNDECLARED_SELECTOR = YES;
				GCC_WARN_UNINITIALIZED_AUTOS = YES_AGGRESSIVE;
				GCC_WARN_UNUSED_FUNCTION = YES;
				GCC_WARN_UNUSED_VARIABLE = YES;
				IPHONEOS_DEPLOYMENT_TARGET = 17.0;
				LOCALIZATION_PREFERS_STRING_CATALOGS = YES;
				MTL_ENABLE_DEBUG_INFO = INCLUDE_SOURCE;
				MTL_FAST_MATH = YES;
				ONLY_ACTIVE_ARCH = YES;
				SDKROOT = iphoneos;
				SWIFT_ACTIVE_COMPILATION_CONDITIONS = "DEBUG $(inherited)";
				SWIFT_OPTIMIZATION_LEVEL = "-Onone";
			};
			name = Debug;
		};
		8D4CDF8C2BB1DCD800474FCC /* Release */ = {
			isa = XCBuildConfiguration;
			buildSettings = {
				ALWAYS_SEARCH_USER_PATHS = NO;
				ASSETCATALOG_COMPILER_GENERATE_SWIFT_ASSET_SYMBOL_EXTENSIONS = YES;
				CLANG_ANALYZER_NONNULL = YES;
				CLANG_ANALYZER_NUMBER_OBJECT_CONVERSION = YES_AGGRESSIVE;
				CLANG_CXX_LANGUAGE_STANDARD = "gnu++20";
				CLANG_ENABLE_MODULES = YES;
				CLANG_ENABLE_OBJC_ARC = YES;
				CLANG_ENABLE_OBJC_WEAK = YES;
				CLANG_WARN_BLOCK_CAPTURE_AUTORELEASING = YES;
				CLANG_WARN_BOOL_CONVERSION = YES;
				CLANG_WARN_COMMA = YES;
				CLANG_WARN_CONSTANT_CONVERSION = YES;
				CLANG_WARN_DEPRECATED_OBJC_IMPLEMENTATIONS = YES;
				CLANG_WARN_DIRECT_OBJC_ISA_USAGE = YES_ERROR;
				CLANG_WARN_DOCUMENTATION_COMMENTS = YES;
				CLANG_WARN_EMPTY_BODY = YES;
				CLANG_WARN_ENUM_CONVERSION = YES;
				CLANG_WARN_INFINITE_RECURSION = YES;
				CLANG_WARN_INT_CONVERSION = YES;
				CLANG_WARN_NON_LITERAL_NULL_CONVERSION = YES;
				CLANG_WARN_OBJC_IMPLICIT_RETAIN_SELF = YES;
				CLANG_WARN_OBJC_LITERAL_CONVERSION = YES;
				CLANG_WARN_OBJC_ROOT_CLASS = YES_ERROR;
				CLANG_WARN_QUOTED_INCLUDE_IN_FRAMEWORK_HEADER = YES;
				CLANG_WARN_RANGE_LOOP_ANALYSIS = YES;
				CLANG_WARN_STRICT_PROTOTYPES = YES;
				CLANG_WARN_SUSPICIOUS_MOVE = YES;
				CLANG_WARN_UNGUARDED_AVAILABILITY = YES_AGGRESSIVE;
				CLANG_WARN_UNREACHABLE_CODE = YES;
				CLANG_WARN__DUPLICATE_METHOD_MATCH = YES;
				COPY_PHASE_STRIP = NO;
				DEBUG_INFORMATION_FORMAT = "dwarf-with-dsym";
				ENABLE_NS_ASSERTIONS = NO;
				ENABLE_STRICT_OBJC_MSGSEND = YES;
				ENABLE_USER_SCRIPT_SANDBOXING = YES;
				GCC_C_LANGUAGE_STANDARD = gnu17;
				GCC_NO_COMMON_BLOCKS = YES;
				GCC_WARN_64_TO_32_BIT_CONVERSION = YES;
				GCC_WARN_ABOUT_RETURN_TYPE = YES_ERROR;
				GCC_WARN_UNDECLARED_SELECTOR = YES;
				GCC_WARN_UNINITIALIZED_AUTOS = YES_AGGRESSIVE;
				GCC_WARN_UNUSED_FUNCTION = YES;
				GCC_WARN_UNUSED_VARIABLE = YES;
				IPHONEOS_DEPLOYMENT_TARGET = 17.0;
				LOCALIZATION_PREFERS_STRING_CATALOGS = YES;
				MTL_ENABLE_DEBUG_INFO = NO;
				MTL_FAST_MATH = YES;
				SDKROOT = iphoneos;
				SWIFT_COMPILATION_MODE = wholemodule;
				VALIDATE_PRODUCT = YES;
			};
			name = Release;
		};
		8D4CDF8E2BB1DCD800474FCC /* Debug */ = {
			isa = XCBuildConfiguration;
			buildSettings = {
				ASSETCATALOG_COMPILER_APPICON_NAME = AppIcon;
				ASSETCATALOG_COMPILER_GLOBAL_ACCENT_COLOR_NAME = AccentColor;
				CODE_SIGN_STYLE = Automatic;
				CURRENT_PROJECT_VERSION = 1;
				DEVELOPMENT_TEAM = 366XTZF564;
				GENERATE_INFOPLIST_FILE = YES;
				INFOPLIST_FILE = StudyApp/Info.plist;
				INFOPLIST_KEY_CFBundleDisplayName = Dendritic;
				INFOPLIST_KEY_LSApplicationCategoryType = "public.app-category.education";
				INFOPLIST_KEY_UIApplicationSupportsIndirectInputEvents = YES;
				INFOPLIST_KEY_UILaunchStoryboardName = LaunchScreen;
				INFOPLIST_KEY_UIMainStoryboardFile = Main;
				INFOPLIST_KEY_UISupportedInterfaceOrientations_iPad = "UIInterfaceOrientationPortrait UIInterfaceOrientationPortraitUpsideDown UIInterfaceOrientationLandscapeLeft UIInterfaceOrientationLandscapeRight";
				INFOPLIST_KEY_UISupportedInterfaceOrientations_iPhone = "UIInterfaceOrientationPortrait UIInterfaceOrientationLandscapeLeft UIInterfaceOrientationLandscapeRight";
				LD_RUNPATH_SEARCH_PATHS = (
					"$(inherited)",
					"@executable_path/Frameworks",
				);
				MARKETING_VERSION = 1.0;
				PRODUCT_BUNDLE_IDENTIFIER = dev.decentish.StudyApp;
				PRODUCT_NAME = "$(TARGET_NAME)";
				SWIFT_EMIT_LOC_STRINGS = YES;
				SWIFT_VERSION = 5.0;
				TARGETED_DEVICE_FAMILY = "1,2";
			};
			name = Debug;
		};
		8D4CDF8F2BB1DCD800474FCC /* Release */ = {
			isa = XCBuildConfiguration;
			buildSettings = {
				ASSETCATALOG_COMPILER_APPICON_NAME = AppIcon;
				ASSETCATALOG_COMPILER_GLOBAL_ACCENT_COLOR_NAME = AccentColor;
				CODE_SIGN_STYLE = Automatic;
				CURRENT_PROJECT_VERSION = 1;
				DEVELOPMENT_TEAM = 366XTZF564;
				GENERATE_INFOPLIST_FILE = YES;
				INFOPLIST_FILE = StudyApp/Info.plist;
				INFOPLIST_KEY_CFBundleDisplayName = Dendritic;
				INFOPLIST_KEY_LSApplicationCategoryType = "public.app-category.education";
				INFOPLIST_KEY_UIApplicationSupportsIndirectInputEvents = YES;
				INFOPLIST_KEY_UILaunchStoryboardName = LaunchScreen;
				INFOPLIST_KEY_UIMainStoryboardFile = Main;
				INFOPLIST_KEY_UISupportedInterfaceOrientations_iPad = "UIInterfaceOrientationPortrait UIInterfaceOrientationPortraitUpsideDown UIInterfaceOrientationLandscapeLeft UIInterfaceOrientationLandscapeRight";
				INFOPLIST_KEY_UISupportedInterfaceOrientations_iPhone = "UIInterfaceOrientationPortrait UIInterfaceOrientationLandscapeLeft UIInterfaceOrientationLandscapeRight";
				LD_RUNPATH_SEARCH_PATHS = (
					"$(inherited)",
					"@executable_path/Frameworks",
				);
				MARKETING_VERSION = 1.0;
				PRODUCT_BUNDLE_IDENTIFIER = dev.decentish.StudyApp;
				PRODUCT_NAME = "$(TARGET_NAME)";
				SWIFT_EMIT_LOC_STRINGS = YES;
				SWIFT_VERSION = 5.0;
				TARGETED_DEVICE_FAMILY = "1,2";
			};
			name = Release;
		};
/* End XCBuildConfiguration section */

/* Begin XCConfigurationList section */
		8D4CDF742BB1DCD300474FCC /* Build configuration list for PBXProject "StudyApp" */ = {
			isa = XCConfigurationList;
			buildConfigurations = (
				8D4CDF8B2BB1DCD800474FCC /* Debug */,
				8D4CDF8C2BB1DCD800474FCC /* Release */,
			);
			defaultConfigurationIsVisible = 0;
			defaultConfigurationName = Release;
		};
		8D4CDF8D2BB1DCD800474FCC /* Build configuration list for PBXNativeTarget "StudyApp" */ = {
			isa = XCConfigurationList;
			buildConfigurations = (
				8D4CDF8E2BB1DCD800474FCC /* Debug */,
				8D4CDF8F2BB1DCD800474FCC /* Release */,
			);
			defaultConfigurationIsVisible = 0;
			defaultConfigurationName = Release;
		};
/* End XCConfigurationList section */
	};
	rootObject = 8D4CDF712BB1DCD300474FCC /* Project object */;
}
